
Microsoft Visual Studio Solution File, Format Version 12.00
# Visual Studio Version 17
VisualStudioVersion = 17.1.32421.90
MinimumVisualStudioVersion = 10.0.40219.1
Project("{FAE04EC0-301F-11D3-BF4B-00C04F79EFBC}") = "DiscosApp", "DiscosApp\DiscosApp.csproj", "{A6B1A04E-73D6-46E7-8C1D-993E6BE569B2}"
EndProject
Project("{FAE04EC0-301F-11D3-BF4B-00C04F79EFBC}") = "DominioNeg", "DominioNeg\DominioNeg.csproj", "{C82E383E-2A9E-43DE-AE4B-61C1622FAF9F}"
EndProject
Project("{FAE04EC0-301F-11D3-BF4B-00C04F79EFBC}") = "Dominio", "Dominio\Dominio.csproj", "{FC22ECBC-C471-475D-8363-4C5C4FA7740B}"
EndProject
Global
	GlobalSection(SolutionConfigurationPlatforms) = preSolution
		Debug|Any CPU = Debug|Any CPU
		Release|Any CPU = Release|Any CPU
	EndGlobalSection
	GlobalSection(ProjectConfigurationPlatforms) = postSolution
		{A6B1A04E-73D6-46E7-8C1D-993E6BE569B2}.Debug|Any CPU.ActiveCfg = Debug|Any CPU
		{A6B1A04E-73D6-46E7-8C1D-993E6BE569B2}.Debug|Any CPU.Build.0 = Debug|Any CPU
		{A6B1A04E-73D6-46E7-8C1D-993E6BE569B2}.Release|Any CPU.ActiveCfg = Release|Any CPU
		{A6B1A04E-73D6-46E7-8C1D-993E6BE569B2}.Release|Any CPU.Build.0 = Release|Any CPU
		{C82E383E-2A9E-43DE-AE4B-61C1622FAF9F}.Debug|Any CPU.ActiveCfg = Debug|Any CPU
		{C82E383E-2A9E-43DE-AE4B-61C1622FAF9F}.Debug|Any CPU.Build.0 = Debug|Any CPU
		{C82E383E-2A9E-43DE-AE4B-61C1622FAF9F}.Release|Any CPU.ActiveCfg = Release|Any CPU
		{C82E383E-2A9E-43DE-AE4B-61C1622FAF9F}.Release|Any CPU.Build.0 = Release|Any CPU
		{FC22ECBC-C471-475D-8363-4C5C4FA7740B}.Debug|Any CPU.ActiveCfg = Debug|Any CPU
		{FC22ECBC-C471-475D-8363-4C5C4FA7740B}.Debug|Any CPU.Build.0 = Debug|Any CPU
		{FC22ECBC-C471-475D-8363-4C5C4FA7740B}.Release|Any CPU.ActiveCfg = Release|Any CPU
		{FC22ECBC-C471-475D-8363-4C5C4FA7740B}.Release|Any CPU.Build.0 = Release|Any CPU
	EndGlobalSection
	GlobalSection(SolutionProperties) = preSolution
		HideSolutionNode = FALSE
	EndGlobalSection
	GlobalSection(ExtensibilityGlobals) = postSolution
		SolutionGuid = {EFC6B60A-64AF-41DD-B0BE-53220C256942}
	EndGlobalSection
EndGlobal
