
Microsoft Visual Studio Solution File, Format Version 12.00
# Visual Studio Version 17
VisualStudioVersion = 17.1.32421.90
MinimumVisualStudioVersion = 10.0.40219.1
Project("{FAE04EC0-301F-11D3-BF4B-00C04F79EFBC}") = "Presentacion_final", "Presentacion_final\Presentacion_final.csproj", "{3DBDC2EF-40A5-42CC-A8F2-63A29BE9573A}"
EndProject
Project("{FAE04EC0-301F-11D3-BF4B-00C04F79EFBC}") = "NegocioModelo", "NegocioModelo\NegocioModelo.csproj", "{F6F13212-F69C-46F9-961D-D3E0C0F80913}"
EndProject
Project("{FAE04EC0-301F-11D3-BF4B-00C04F79EFBC}") = "Dominio", "Dominio\Dominio.csproj", "{D0571533-A55E-4420-8796-8ACE3F024B0B}"
EndProject
Global
	GlobalSection(SolutionConfigurationPlatforms) = preSolution
		Debug|Any CPU = Debug|Any CPU
		Release|Any CPU = Release|Any CPU
	EndGlobalSection
	GlobalSection(ProjectConfigurationPlatforms) = postSolution
		{3DBDC2EF-40A5-42CC-A8F2-63A29BE9573A}.Debug|Any CPU.ActiveCfg = Debug|Any CPU
		{3DBDC2EF-40A5-42CC-A8F2-63A29BE9573A}.Debug|Any CPU.Build.0 = Debug|Any CPU
		{3DBDC2EF-40A5-42CC-A8F2-63A29BE9573A}.Release|Any CPU.ActiveCfg = Release|Any CPU
		{3DBDC2EF-40A5-42CC-A8F2-63A29BE9573A}.Release|Any CPU.Build.0 = Release|Any CPU
		{F6F13212-F69C-46F9-961D-D3E0C0F80913}.Debug|Any CPU.ActiveCfg = Debug|Any CPU
		{F6F13212-F69C-46F9-961D-D3E0C0F80913}.Debug|Any CPU.Build.0 = Debug|Any CPU
		{F6F13212-F69C-46F9-961D-D3E0C0F80913}.Release|Any CPU.ActiveCfg = Release|Any CPU
		{F6F13212-F69C-46F9-961D-D3E0C0F80913}.Release|Any CPU.Build.0 = Release|Any CPU
		{D0571533-A55E-4420-8796-8ACE3F024B0B}.Debug|Any CPU.ActiveCfg = Debug|Any CPU
		{D0571533-A55E-4420-8796-8ACE3F024B0B}.Debug|Any CPU.Build.0 = Debug|Any CPU
		{D0571533-A55E-4420-8796-8ACE3F024B0B}.Release|Any CPU.ActiveCfg = Release|Any CPU
		{D0571533-A55E-4420-8796-8ACE3F024B0B}.Release|Any CPU.Build.0 = Release|Any CPU
	EndGlobalSection
	GlobalSection(SolutionProperties) = preSolution
		HideSolutionNode = FALSE
	EndGlobalSection
	GlobalSection(ExtensibilityGlobals) = postSolution
		SolutionGuid = {9BDD53BE-C5DD-45ED-870C-62D436DCFD6F}
	EndGlobalSection
EndGlobal
